
Microsoft Visual Studio Solution File, Format Version 12.00
# Visual Studio Version 16
VisualStudioVersion = 16.0.28803.202
MinimumVisualStudioVersion = 10.0.40219.1
Project("{FAE04EC0-301F-11D3-BF4B-00C04F79EFBC}") = "ShapeAreasTerminalProgram", "ShapeAreasTerminalProgram\ShapeAreasTerminalProgram.csproj", "{B362D915-CE6C-49B9-B6B3-D218B196DEA0}"
EndProject
Project("{FAE04EC0-301F-11D3-BF4B-00C04F79EFBC}") = "UnitTests", "UnitTestProject2\UnitTests.csproj", "{5011FFBB-FB86-4CC9-95A1-077573417802}"
EndProject
Global
	GlobalSection(SolutionConfigurationPlatforms) = preSolution
		Debug|Any CPU = Debug|Any CPU
		Release|Any CPU = Release|Any CPU
	EndGlobalSection
	GlobalSection(ProjectConfigurationPlatforms) = postSolution
		{B362D915-CE6C-49B9-B6B3-D218B196DEA0}.Debug|Any CPU.ActiveCfg = Debug|Any CPU
		{B362D915-CE6C-49B9-B6B3-D218B196DEA0}.Debug|Any CPU.Build.0 = Debug|Any CPU
		{B362D915-CE6C-49B9-B6B3-D218B196DEA0}.Release|Any CPU.ActiveCfg = Release|Any CPU
		{B362D915-CE6C-49B9-B6B3-D218B196DEA0}.Release|Any CPU.Build.0 = Release|Any CPU
		{5011FFBB-FB86-4CC9-95A1-077573417802}.Debug|Any CPU.ActiveCfg = Debug|Any CPU
		{5011FFBB-FB86-4CC9-95A1-077573417802}.Debug|Any CPU.Build.0 = Debug|Any CPU
		{5011FFBB-FB86-4CC9-95A1-077573417802}.Release|Any CPU.ActiveCfg = Release|Any CPU
		{5011FFBB-FB86-4CC9-95A1-077573417802}.Release|Any CPU.Build.0 = Release|Any CPU
	EndGlobalSection
	GlobalSection(SolutionProperties) = preSolution
		HideSolutionNode = FALSE
	EndGlobalSection
	GlobalSection(ExtensibilityGlobals) = postSolution
		SolutionGuid = {81C2D83B-2348-4D20-B61D-1B25F67C71C6}
	EndGlobalSection
EndGlobal
